// !$*UTF8*$!
{
	archiveVersion = 1;
	classes = {
	};
	objectVersion = 56;
	objects = {

/* Begin PBXBuildFile section */
		037776E82E98D8B9002568C5 /* QRPaymentApp.swift in Sources */ = {isa = PBXBuildFile; fileRef = 037776E72E98D8B8002568C5 /* QRPaymentApp.swift */; };
		037776EA2E98D8C6002568C5 /* ContentView.swift in Sources */ = {isa = PBXBuildFile; fileRef = 037776E92E98D8C4002568C5 /* ContentView.swift */; };
		037776ED2E98D8DF002568C5 /* HomeView.swift in Sources */ = {isa = PBXBuildFile; fileRef = 037776EC2E98D8DE002568C5 /* HomeView.swift */; };
		037776EF2E98D8E7002568C5 /* LoginView.swift in Sources */ = {isa = PBXBuildFile; fileRef = 037776EE2E98D8E6002568C5 /* LoginView.swift */; };
		037776F12E98D8EF002568C5 /* SignupView.swift in Sources */ = {isa = PBXBuildFile; fileRef = 037776F02E98D8EF002568C5 /* SignupView.swift */; };
		037776F52E98D904002568C5 /* QRScannerView.swift in Sources */ = {isa = PBXBuildFile; fileRef = 037776F42E98D903002568C5 /* QRScannerView.swift */; };
		037776F82E98D91B002568C5 /* SupabaseManager.swift in Sources */ = {isa = PBXBuildFile; fileRef = 037776F72E98D91A002568C5 /* SupabaseManager.swift */; };
		037776FB2E98D936002568C5 /* Extensions+Helpers.swift in Sources */ = {isa = PBXBuildFile; fileRef = 037776FA2E98D935002568C5 /* Extensions+Helpers.swift */; };
		037777072E98DF01002568C5 /* Auth in Frameworks */ = {isa = PBXBuildFile; productRef = 037777062E98DF01002568C5 /* Auth */; };
		037777092E98DF01002568C5 /* Functions in Frameworks */ = {isa = PBXBuildFile; productRef = 037777082E98DF01002568C5 /* Functions */; };
		0377770B2E98DF01002568C5 /* Realtime in Frameworks */ = {isa = PBXBuildFile; productRef = 0377770A2E98DF01002568C5 /* Realtime */; };
		0377770D2E98DF01002568C5 /* Storage in Frameworks */ = {isa = PBXBuildFile; productRef = 0377770C2E98DF01002568C5 /* Storage */; };
		0377770F2E98DF01002568C5 /* Supabase in Frameworks */ = {isa = PBXBuildFile; productRef = 0377770E2E98DF01002568C5 /* Supabase */; };
		1234567890ABCDE1 /* SceneDelegate.swift in Sources */ = {isa = PBXBuildFile; fileRef = 1234567890ABCDE2 /* SceneDelegate.swift */; };
		1234567890ABCDE3 /* QRScannerViewController.swift in Sources */ = {isa = PBXBuildFile; fileRef = 1234567890ABCDE4 /* QRScannerViewController.swift */; };
		1234567890ABCDE5 /* Main.storyboard in Resources */ = {isa = PBXBuildFile; fileRef = 1234567890ABCDE6 /* Main.storyboard */; };
		1234567890ABCDE7 /* LaunchScreen.storyboard in Resources */ = {isa = PBXBuildFile; fileRef = 1234567890ABCDE8 /* LaunchScreen.storyboard */; };
		1234567890ABCDEF /* AppDelegate.swift in Sources */ = {isa = PBXBuildFile; fileRef = 1234567890ABCDE0 /* AppDelegate.swift */; };


		5ACFB3762CB922A400B3E7F9 /* StarknetManager.swift in Sources */ = {isa = PBXBuildFile; fileRef = 5ACFB3762CB922A400B3E7F8 /* StarknetManager.swift */; };
		5ACFB3772CB922A400B3E7F9 /* ChippiPayManager.swift in Sources */ = {isa = PBXBuildFile; fileRef = 5ACFB3772CB922A400B3E7F8 /* ChippiPayManager.swift */; };
		5ACFB3778CB922A400B3E7F9 /* ReadyWalletManager.swift in Sources */ = {isa = PBXBuildFile; fileRef = 5ACFB3778CB922A400B3E7F8 /* ReadyWalletManager.swift */; };
		5ACFB377A2CB922A400B3E7F9 /* QRPaymentView.swift in Sources */ = {isa = PBXBuildFile; fileRef = 5ACFB377A2CB922A400B3E7F8 /* QRPaymentView.swift */; };
		5ACFB377B2CB922A400B3E7F9 /* ChippiPayServicesView.swift in Sources */ = {isa = PBXBuildFile; fileRef = 5ACFB377B2CB922A400B3E7F8 /* ChippiPayServicesView.swift */; };
		5ACFB377C2CB922A400B3E7F9 /* ChippiWalletCreationView.swift in Sources */ = {isa = PBXBuildFile; fileRef = 5ACFB377C2CB922A400B3E7F8 /* ChippiWalletCreationView.swift */; };
		5ACFB377D2CB922A400B3E7F9 /* ServicePurchaseView.swift in Sources */ = {isa = PBXBuildFile; fileRef = 5ACFB377D2CB922A400B3E7F8 /* ServicePurchaseView.swift */; };
		5ACFB3782CB922A400B3E7F9 /* StarknetConnectView.swift in Sources */ = {isa = PBXBuildFile; fileRef = 5ACFB3782CB922A400B3E7F8 /* StarknetConnectView.swift */; };
		5ACFB3792CB922A400B3E7F9 /* VaultActionView.swift in Sources */ = {isa = PBXBuildFile; fileRef = 5ACFB3792CB922A400B3E7F8 /* VaultActionView.swift */; };
/* End PBXBuildFile section */

/* Begin PBXFileReference section */
		037776E72E98D8B8002568C5 /* QRPaymentApp.swift */ = {isa = PBXFileReference; lastKnownFileType = sourcecode.swift; path = QRPaymentApp.swift; sourceTree = "<group>"; };
		037776E92E98D8C4002568C5 /* ContentView.swift */ = {isa = PBXFileReference; lastKnownFileType = sourcecode.swift; path = ContentView.swift; sourceTree = "<group>"; };
		037776EC2E98D8DE002568C5 /* HomeView.swift */ = {isa = PBXFileReference; lastKnownFileType = sourcecode.swift; path = HomeView.swift; sourceTree = "<group>"; };
		037776EE2E98D8E6002568C5 /* LoginView.swift */ = {isa = PBXFileReference; lastKnownFileType = sourcecode.swift; path = LoginView.swift; sourceTree = "<group>"; };
		037776F02E98D8EF002568C5 /* SignupView.swift */ = {isa = PBXFileReference; lastKnownFileType = sourcecode.swift; path = SignupView.swift; sourceTree = "<group>"; };
		037776F42E98D903002568C5 /* QRScannerView.swift */ = {isa = PBXFileReference; lastKnownFileType = sourcecode.swift; path = QRScannerView.swift; sourceTree = "<group>"; };
		037776F72E98D91A002568C5 /* SupabaseManager.swift */ = {isa = PBXFileReference; lastKnownFileType = sourcecode.swift; path = SupabaseManager.swift; sourceTree = "<group>"; };
		037776FA2E98D935002568C5 /* Extensions+Helpers.swift */ = {isa = PBXFileReference; lastKnownFileType = sourcecode.swift; path = "Extensions+Helpers.swift"; sourceTree = "<group>"; };
		1234567890ABCDDD /* QRPaymentScanner.app */ = {isa = PBXFileReference; explicitFileType = wrapper.application; includeInIndex = 0; path = QRPaymentScanner.app; sourceTree = BUILT_PRODUCTS_DIR; };
		1234567890ABCDE0 /* AppDelegate.swift */ = {isa = PBXFileReference; lastKnownFileType = sourcecode.swift; path = AppDelegate.swift; sourceTree = "<group>"; };
		1234567890ABCDE2 /* SceneDelegate.swift */ = {isa = PBXFileReference; lastKnownFileType = sourcecode.swift; path = SceneDelegate.swift; sourceTree = "<group>"; };
		1234567890ABCDE4 /* QRScannerViewController.swift */ = {isa = PBXFileReference; lastKnownFileType = sourcecode.swift; path = QRScannerViewController.swift; sourceTree = "<group>"; };
		1234567890ABCDE9 /* Base */ = {isa = PBXFileReference; lastKnownFileType = file.storyboard; name = Base; path = Base.lproj/Main.storyboard; sourceTree = "<group>"; };
		1234567890ABCDEA /* Base */ = {isa = PBXFileReference; lastKnownFileType = file.storyboard; name = Base; path = Base.lproj/LaunchScreen.storyboard; sourceTree = "<group>"; };
		1234567890ABCDEB /* Info.plist */ = {isa = PBXFileReference; lastKnownFileType = text.plist.xml; path = Info.plist; sourceTree = "<group>"; };
		5ACFB3762CB922A400B3E7F8 /* StarknetManager.swift */ = {isa = PBXFileReference; lastKnownFileType = sourcecode.swift; path = StarknetManager.swift; sourceTree = "<group>"; };
		5ACFB3772CB922A400B3E7F8 /* ChippiPayManager.swift */ = {isa = PBXFileReference; lastKnownFileType = sourcecode.swift; path = ChippiPayManager.swift; sourceTree = "<group>"; };
		5ACFB3778CB922A400B3E7F8 /* ReadyWalletManager.swift */ = {isa = PBXFileReference; lastKnownFileType = sourcecode.swift; path = ReadyWalletManager.swift; sourceTree = "<group>"; };
		5ACFB377A2CB922A400B3E7F8 /* QRPaymentView.swift */ = {isa = PBXFileReference; lastKnownFileType = sourcecode.swift; path = QRPaymentView.swift; sourceTree = "<group>"; };
		5ACFB377B2CB922A400B3E7F8 /* ChippiPayServicesView.swift */ = {isa = PBXFileReference; lastKnownFileType = sourcecode.swift; path = ChippiPayServicesView.swift; sourceTree = "<group>"; };
		5ACFB377C2CB922A400B3E7F8 /* ChippiWalletCreationView.swift */ = {isa = PBXFileReference; lastKnownFileType = sourcecode.swift; path = ChippiWalletCreationView.swift; sourceTree = "<group>"; };
		5ACFB377D2CB922A400B3E7F8 /* ServicePurchaseView.swift */ = {isa = PBXFileReference; lastKnownFileType = sourcecode.swift; path = ServicePurchaseView.swift; sourceTree = "<group>"; };
		5ACFB3782CB922A400B3E7F8 /* StarknetConnectView.swift */ = {isa = PBXFileReference; lastKnownFileType = sourcecode.swift; path = StarknetConnectView.swift; sourceTree = "<group>"; };
		5ACFB3792CB922A400B3E7F8 /* VaultActionView.swift */ = {isa = PBXFileReference; lastKnownFileType = sourcecode.swift; path = VaultActionView.swift; sourceTree = "<group>"; };
/* End PBXFileReference section */

/* Begin PBXFrameworksBuildPhase section */
		1234567890ABCDDA /* Frameworks */ = {
			isa = PBXFrameworksBuildPhase;
			buildActionMask = 2147483647;
			files = (
				037777092E98DF01002568C5 /* Functions in Frameworks */,
				037777072E98DF01002568C5 /* Auth in Frameworks */,
				0377770F2E98DF01002568C5 /* Supabase in Frameworks */,
				0377770D2E98DF01002568C5 /* Storage in Frameworks */,
				0377770B2E98DF01002568C5 /* Realtime in Frameworks */,
			);
			runOnlyForDeploymentPostprocessing = 0;
		};
/* End PBXFrameworksBuildPhase section */

/* Begin PBXGroup section */
		037776EB2E98D8D4002568C5 /* Views */ = {
			isa = PBXGroup;
			children = (
				037776F42E98D903002568C5 /* QRScannerView.swift */,
				037776F02E98D8EF002568C5 /* SignupView.swift */,
				037776EE2E98D8E6002568C5 /* LoginView.swift */,
				037776EC2E98D8DE002568C5 /* HomeView.swift */,
				5ACFB3782CB922A400B3E7F8 /* StarknetConnectView.swift */,
				5ACFB3792CB922A400B3E7F8 /* VaultActionView.swift */,
				5ACFB377A2CB922A400B3E7F8 /* QRPaymentView.swift */,
				5ACFB377B2CB922A400B3E7F8 /* ChippiPayServicesView.swift */,
				5ACFB377C2CB922A400B3E7F8 /* ChippiWalletCreationView.swift */,
				5ACFB377D2CB922A400B3E7F8 /* ServicePurchaseView.swift */,
			);
			path = Views;
			sourceTree = "<group>";
		};
		037776F62E98D911002568C5 /* Managers */ = {
			isa = PBXGroup;
			children = (
				037776F72E98D91A002568C5 /* SupabaseManager.swift */,
				5ACFB3762CB922A400B3E7F8 /* StarknetManager.swift */,
				5ACFB3772CB922A400B3E7F8 /* ChippiPayManager.swift */,
				5ACFB3778CB922A400B3E7F8 /* ReadyWalletManager.swift */,
			);
			path = Managers;
			sourceTree = "<group>";
		};
		037776F92E98D927002568C5 /* Helpers */ = {
			isa = PBXGroup;
			children = (
				037776FA2E98D935002568C5 /* Extensions+Helpers.swift */,
			);
			path = Helpers;
			sourceTree = "<group>";
		};
		037777042E98D986002568C5 /* Assets.xcasset */ = {
			isa = PBXGroup;
			children = (
			);
			path = Assets.xcasset;
			sourceTree = "<group>";
		};
		1234567890ABCDD4 = {
			isa = PBXGroup;
			children = (
				1234567890ABCDD9 /* QRPaymentScanner */,
				1234567890ABCDDE /* Products */,
			);
			sourceTree = "<group>";
		};
		1234567890ABCDD9 /* QRPaymentScanner */ = {
			isa = PBXGroup;
			children = (
				037777042E98D986002568C5 /* Assets.xcasset */,
				037776F92E98D927002568C5 /* Helpers */,
				037776F62E98D911002568C5 /* Managers */,
				037776EB2E98D8D4002568C5 /* Views */,
				037776E92E98D8C4002568C5 /* ContentView.swift */,
				037776E72E98D8B8002568C5 /* QRPaymentApp.swift */,
				1234567890ABCDE0 /* AppDelegate.swift */,
				1234567890ABCDE2 /* SceneDelegate.swift */,
				1234567890ABCDE4 /* QRScannerViewController.swift */,
				1234567890ABCDE6 /* Main.storyboard */,
				1234567890ABCDE8 /* LaunchScreen.storyboard */,
				1234567890ABCDEB /* Info.plist */,
			);
			path = QRPaymentScanner;
			sourceTree = "<group>";
		};
		1234567890ABCDDE /* Products */ = {
			isa = PBXGroup;
			children = (
				1234567890ABCDDD /* QRPaymentScanner.app */,
			);
			name = Products;
			sourceTree = "<group>";
		};
/* End PBXGroup section */

/* Begin PBXNativeTarget section */
		1234567890ABCDDC /* QRPaymentScanner */ = {
			isa = PBXNativeTarget;
			buildConfigurationList = 1234567890ABCDEC /* Build configuration list for PBXNativeTarget "QRPaymentScanner" */;
			buildPhases = (
				1234567890ABCDD8 /* Sources */,
				1234567890ABCDDA /* Frameworks */,
				1234567890ABCDDB /* Resources */,
			);
			buildRules = (
			);
			dependencies = (
			);
			name = QRPaymentScanner;
			productName = QRPaymentScanner;
			productReference = 1234567890ABCDDD /* QRPaymentScanner.app */;
			productType = "com.apple.product-type.application";
		};
/* End PBXNativeTarget section */

/* Begin PBXProject section */
		1234567890ABCDD5 /* Project object */ = {
			isa = PBXProject;
			attributes = {
				BuildIndependentTargetsInParallel = 1;
				LastSwiftUpdateCheck = 1500;
				LastUpgradeCheck = 1500;
				TargetAttributes = {
					1234567890ABCDDC = {
						CreatedOnToolsVersion = 15.0;
					};
				};
			};
			buildConfigurationList = 1234567890ABCDD6 /* Build configuration list for PBXProject "QRPaymentScanner" */;
			compatibilityVersion = "Xcode 14.0";
			developmentRegion = en;
			hasScannedForEncodings = 0;
			knownRegions = (
				en,
				Base,
			);
			mainGroup = 1234567890ABCDD4;
			packageReferences = (
				037777052E98DF01002568C5 /* XCRemoteSwiftPackageReference "supabase-swift" */,
			);
			productRefGroup = 1234567890ABCDDE /* Products */;
			projectDirPath = "";
			projectRoot = "";
			targets = (
				1234567890ABCDDC /* QRPaymentScanner */,
			);
		};
/* End PBXProject section */

/* Begin PBXResourcesBuildPhase section */
		1234567890ABCDDB /* Resources */ = {
			isa = PBXResourcesBuildPhase;
			buildActionMask = 2147483647;
			files = (
				1234567890ABCDE7 /* LaunchScreen.storyboard in Resources */,
				1234567890ABCDE5 /* Main.storyboard in Resources */,
			);
			runOnlyForDeploymentPostprocessing = 0;
		};
/* End PBXResourcesBuildPhase section */

/* Begin PBXSourcesBuildPhase section */
		1234567890ABCDD8 /* Sources */ = {
			isa = PBXSourcesBuildPhase;
			buildActionMask = 2147483647;
			files = (
				1234567890ABCDE3 /* QRScannerViewController.swift in Sources */,
				037776FB2E98D936002568C5 /* Extensions+Helpers.swift in Sources */,
				037776EF2E98D8E7002568C5 /* LoginView.swift in Sources */,
				037776EA2E98D8C6002568C5 /* ContentView.swift in Sources */,
				1234567890ABCDEF /* AppDelegate.swift in Sources */,
				037776F52E98D904002568C5 /* QRScannerView.swift in Sources */,
				037776F12E98D8EF002568C5 /* SignupView.swift in Sources */,
				037776ED2E98D8DF002568C5 /* HomeView.swift in Sources */,
				1234567890ABCDE1 /* SceneDelegate.swift in Sources */,
				037776F82E98D91B002568C5 /* SupabaseManager.swift in Sources */,
				037776E82E98D8B9002568C5 /* QRPaymentApp.swift in Sources */,
				5ACFB3762CB922A400B3E7F9 /* StarknetManager.swift in Sources */,
				5ACFB3772CB922A400B3E7F9 /* ChippiPayManager.swift in Sources */,
				5ACFB3778CB922A400B3E7F9 /* ReadyWalletManager.swift in Sources */,
				5ACFB3782CB922A400B3E7F9 /* StarknetConnectView.swift in Sources */,
				5ACFB3792CB922A400B3E7F9 /* VaultActionView.swift in Sources */,
				5ACFB377A2CB922A400B3E7F9 /* QRPaymentView.swift in Sources */,
				5ACFB377B2CB922A400B3E7F9 /* ChippiPayServicesView.swift in Sources */,
				5ACFB377C2CB922A400B3E7F9 /* ChippiWalletCreationView.swift in Sources */,
				5ACFB377D2CB922A400B3E7F9 /* ServicePurchaseView.swift in Sources */,
			);
			runOnlyForDeploymentPostprocessing = 0;
		};
/* End PBXSourcesBuildPhase section */

/* Begin PBXVariantGroup section */
		1234567890ABCDE6 /* Main.storyboard */ = {
			isa = PBXVariantGroup;
			children = (
				1234567890ABCDE9 /* Base */,
			);
			name = Main.storyboard;
			sourceTree = "<group>";
		};
		1234567890ABCDE8 /* LaunchScreen.storyboard */ = {
			isa = PBXVariantGroup;
			children = (
				1234567890ABCDEA /* Base */,
			);
			name = LaunchScreen.storyboard;
			sourceTree = "<group>";
		};
/* End PBXVariantGroup section */

/* Begin XCBuildConfiguration section */
		1234567890ABCDEE /* Debug */ = {
			isa = XCBuildConfiguration;
			buildSettings = {
				ALWAYS_SEARCH_USER_PATHS = NO;
				CLANG_ANALYZER_NONNULL = YES;
				CLANG_ANALYZER_NUMBER_OBJECT_CONVERSION = YES_AGGRESSIVE;
				CLANG_CXX_LANGUAGE_STANDARD = "gnu++20";
				CLANG_ENABLE_MODULES = YES;
				CLANG_ENABLE_OBJC_ARC = YES;
				CLANG_ENABLE_OBJC_WEAK = YES;
				CLANG_WARN_BLOCK_CAPTURE_AUTORELEASING = YES;
				CLANG_WARN_BOOL_CONVERSION = YES;
				CLANG_WARN_COMMA = YES;
				CLANG_WARN_CONSTANT_CONVERSION = YES;
				CLANG_WARN_DEPRECATED_OBJC_IMPLEMENTATIONS = YES;
				CLANG_WARN_DIRECT_OBJC_ISA_USAGE = YES_ERROR;
				CLANG_WARN_DOCUMENTATION_COMMENTS = YES;
				CLANG_WARN_EMPTY_BODY = YES;
				CLANG_WARN_ENUM_CONVERSION = YES;
				CLANG_WARN_INFINITE_RECURSION = YES;
				CLANG_WARN_INT_CONVERSION = YES;
				CLANG_WARN_NON_LITERAL_NULL_CONVERSION = YES;
				CLANG_WARN_OBJC_IMPLICIT_RETAIN_SELF = YES;
				CLANG_WARN_OBJC_LITERAL_CONVERSION = YES;
				CLANG_WARN_OBJC_ROOT_CLASS = YES_ERROR;
				CLANG_WARN_QUOTED_INCLUDE_IN_FRAMEWORK_HEADER = YES;
				CLANG_WARN_RANGE_LOOP_ANALYSIS = YES;
				CLANG_WARN_STRICT_PROTOTYPES = YES;
				CLANG_WARN_SUSPICIOUS_MOVE = YES;
				CLANG_WARN_UNGUARDED_AVAILABILITY = YES_AGGRESSIVE;
				CLANG_WARN_UNREACHABLE_CODE = YES;
				CLANG_WARN__DUPLICATE_METHOD_MATCH = YES;
				COPY_PHASE_STRIP = NO;
				DEBUG_INFORMATION_FORMAT = dwarf;
				ENABLE_STRICT_OBJC_MSGSEND = YES;
				ENABLE_TESTABILITY = YES;
				GCC_C_LANGUAGE_STANDARD = gnu17;
				GCC_DYNAMIC_NO_PIC = NO;
				GCC_NO_COMMON_BLOCKS = YES;
				GCC_OPTIMIZATION_LEVEL = 0;
				GCC_PREPROCESSOR_DEFINITIONS = (
					"DEBUG=1",
					"$(inherited)",
				);
				GCC_WARN_64_TO_32_BIT_CONVERSION = YES;
				GCC_WARN_ABOUT_RETURN_TYPE = YES_ERROR;
				GCC_WARN_UNDECLARED_SELECTOR = YES;
				GCC_WARN_UNINITIALIZED_AUTOS = YES_AGGRESSIVE;
				GCC_WARN_UNUSED_FUNCTION = YES;
				GCC_WARN_UNUSED_VARIABLE = YES;
				IPHONEOS_DEPLOYMENT_TARGET = 15.0;
				MTL_ENABLE_DEBUG_INFO = INCLUDE_SOURCE;
				MTL_FAST_MATH = YES;
				ONLY_ACTIVE_ARCH = YES;
				SDKROOT = iphoneos;
				SWIFT_ACTIVE_COMPILATION_CONDITIONS = "DEBUG $(inherited)";
				SWIFT_OPTIMIZATION_LEVEL = "-Onone";
			};
			name = Debug;
		};
		1234567890ABCDEF0 /* Release */ = {
			isa = XCBuildConfiguration;
			buildSettings = {
				ALWAYS_SEARCH_USER_PATHS = NO;
				CLANG_ANALYZER_NONNULL = YES;
				CLANG_ANALYZER_NUMBER_OBJECT_CONVERSION = YES_AGGRESSIVE;
				CLANG_CXX_LANGUAGE_STANDARD = "gnu++20";
				CLANG_ENABLE_MODULES = YES;
				CLANG_ENABLE_OBJC_ARC = YES;
				CLANG_ENABLE_OBJC_WEAK = YES;
				CLANG_WARN_BLOCK_CAPTURE_AUTORELEASING = YES;
				CLANG_WARN_BOOL_CONVERSION = YES;
				CLANG_WARN_COMMA = YES;
				CLANG_WARN_CONSTANT_CONVERSION = YES;
				CLANG_WARN_DEPRECATED_OBJC_IMPLEMENTATIONS = YES;
				CLANG_WARN_DIRECT_OBJC_ISA_USAGE = YES_ERROR;
				CLANG_WARN_DOCUMENTATION_COMMENTS = YES;
				CLANG_WARN_EMPTY_BODY = YES;
				CLANG_WARN_ENUM_CONVERSION = YES;
				CLANG_WARN_INFINITE_RECURSION = YES;
				CLANG_WARN_INT_CONVERSION = YES;
				CLANG_WARN_NON_LITERAL_NULL_CONVERSION = YES;
				CLANG_WARN_OBJC_IMPLICIT_RETAIN_SELF = YES;
				CLANG_WARN_OBJC_LITERAL_CONVERSION = YES;
				CLANG_WARN_OBJC_ROOT_CLASS = YES_ERROR;
				CLANG_WARN_QUOTED_INCLUDE_IN_FRAMEWORK_HEADER = YES;
				CLANG_WARN_RANGE_LOOP_ANALYSIS = YES;
				CLANG_WARN_STRICT_PROTOTYPES = YES;
				CLANG_WARN_SUSPICIOUS_MOVE = YES;
				CLANG_WARN_UNGUARDED_AVAILABILITY = YES_AGGRESSIVE;
				CLANG_WARN_UNREACHABLE_CODE = YES;
				CLANG_WARN__DUPLICATE_METHOD_MATCH = YES;
				COPY_PHASE_STRIP = NO;
				DEBUG_INFORMATION_FORMAT = "dwarf-with-dsym";
				ENABLE_NS_ASSERTIONS = NO;
				ENABLE_STRICT_OBJC_MSGSEND = YES;
				GCC_C_LANGUAGE_STANDARD = gnu17;
				GCC_NO_COMMON_BLOCKS = YES;
				GCC_WARN_64_TO_32_BIT_CONVERSION = YES;
				GCC_WARN_ABOUT_RETURN_TYPE = YES_ERROR;
				GCC_WARN_UNDECLARED_SELECTOR = YES;
				GCC_WARN_UNINITIALIZED_AUTOS = YES_AGGRESSIVE;
				GCC_WARN_UNUSED_FUNCTION = YES;
				GCC_WARN_UNUSED_VARIABLE = YES;
				IPHONEOS_DEPLOYMENT_TARGET = 15.0;
				MTL_ENABLE_DEBUG_INFO = NO;
				MTL_FAST_MATH = YES;
				SDKROOT = iphoneos;
				SWIFT_COMPILATION_MODE = wholemodule;
				VALIDATE_PRODUCT = YES;
			};
			name = Release;
		};
		1234567890ABCDF1 /* Debug */ = {
			isa = XCBuildConfiguration;
			buildSettings = {
				ASSETCATALOG_COMPILER_APPICON_NAME = AppIcon;
				ASSETCATALOG_COMPILER_GLOBAL_ACCENT_COLOR_NAME = AccentColor;
				CODE_SIGN_STYLE = Automatic;
				CURRENT_PROJECT_VERSION = 1;
				DEVELOPMENT_TEAM = 3U2SL4BUT9;
				GENERATE_INFOPLIST_FILE = YES;
				INFOPLIST_FILE = QRPaymentScanner/Info.plist;
				INFOPLIST_KEY_CFBundleDisplayName = "QR Payment Scanner";
				INFOPLIST_KEY_NSCameraUsageDescription = "This app uses the camera to scan QR codes.";
				INFOPLIST_KEY_UIApplicationSupportsIndirectInputEvents = YES;
				INFOPLIST_KEY_UILaunchStoryboardName = LaunchScreen;
				INFOPLIST_KEY_UIMainStoryboardFile = Main;
				INFOPLIST_KEY_UIRequiredDeviceCapabilities = armv7;
				INFOPLIST_KEY_UISupportedInterfaceOrientations = "UIInterfaceOrientationPortrait UIInterfaceOrientationLandscapeLeft UIInterfaceOrientationLandscapeRight";
				INFOPLIST_KEY_UISupportedInterfaceOrientations_iPad = "UIInterfaceOrientationPortrait UIInterfaceOrientationPortraitUpsideDown UIInterfaceOrientationLandscapeLeft UIInterfaceOrientationLandscapeRight";
				INFOPLIST_KEY_UISupportedInterfaceOrientations_iPhone = "UIInterfaceOrientationPortrait UIInterfaceOrientationLandscapeLeft UIInterfaceOrientationLandscapeRight";
				IPHONEOS_DEPLOYMENT_TARGET = 17.6;
				LD_RUNPATH_SEARCH_PATHS = (
					"$(inherited)",
					"@executable_path/Frameworks",
				);
				MARKETING_VERSION = 1.0;
				PRODUCT_BUNDLE_IDENTIFIER = com.vj.QRPaymentScanner;
				PRODUCT_NAME = "$(TARGET_NAME)";
				SWIFT_EMIT_LOC_STRINGS = YES;
				SWIFT_VERSION = 5.0;
				TARGETED_DEVICE_FAMILY = "1,2";
			};
			name = Debug;
		};
		1234567890ABCDF2 /* Release */ = {
			isa = XCBuildConfiguration;
			buildSettings = {
				ASSETCATALOG_COMPILER_APPICON_NAME = AppIcon;
				ASSETCATALOG_COMPILER_GLOBAL_ACCENT_COLOR_NAME = AccentColor;
				CODE_SIGN_STYLE = Automatic;
				CURRENT_PROJECT_VERSION = 1;
				DEVELOPMENT_TEAM = 3U2SL4BUT9;
				GENERATE_INFOPLIST_FILE = YES;
				INFOPLIST_FILE = QRPaymentScanner/Info.plist;
				INFOPLIST_KEY_CFBundleDisplayName = "QR Payment Scanner";
				INFOPLIST_KEY_NSCameraUsageDescription = "This app uses the camera to scan QR codes.";
				INFOPLIST_KEY_UIApplicationSupportsIndirectInputEvents = YES;
				INFOPLIST_KEY_UILaunchStoryboardName = LaunchScreen;
				INFOPLIST_KEY_UIMainStoryboardFile = Main;
				INFOPLIST_KEY_UIRequiredDeviceCapabilities = armv7;
				INFOPLIST_KEY_UISupportedInterfaceOrientations = "UIInterfaceOrientationPortrait UIInterfaceOrientationLandscapeLeft UIInterfaceOrientationLandscapeRight";
				INFOPLIST_KEY_UISupportedInterfaceOrientations_iPad = "UIInterfaceOrientationPortrait UIInterfaceOrientationPortraitUpsideDown UIInterfaceOrientationLandscapeLeft UIInterfaceOrientationLandscapeRight";
				INFOPLIST_KEY_UISupportedInterfaceOrientations_iPhone = "UIInterfaceOrientationPortrait UIInterfaceOrientationLandscapeLeft UIInterfaceOrientationLandscapeRight";
				IPHONEOS_DEPLOYMENT_TARGET = 17.6;
				LD_RUNPATH_SEARCH_PATHS = (
					"$(inherited)",
					"@executable_path/Frameworks",
				);
				MARKETING_VERSION = 1.0;
				PRODUCT_BUNDLE_IDENTIFIER = com.vj.QRPaymentScanner;
				PRODUCT_NAME = "$(TARGET_NAME)";
				SWIFT_EMIT_LOC_STRINGS = YES;
				SWIFT_VERSION = 5.0;
				TARGETED_DEVICE_FAMILY = "1,2";
			};
			name = Release;
		};
/* End XCBuildConfiguration section */

/* Begin XCConfigurationList section */
		1234567890ABCDD6 /* Build configuration list for PBXProject "QRPaymentScanner" */ = {
			isa = XCConfigurationList;
			buildConfigurations = (
				1234567890ABCDEE /* Debug */,
				1234567890ABCDEF0 /* Release */,
			);
			defaultConfigurationIsVisible = 0;
			defaultConfigurationName = Release;
		};
		1234567890ABCDEC /* Build configuration list for PBXNativeTarget "QRPaymentScanner" */ = {
			isa = XCConfigurationList;
			buildConfigurations = (
				1234567890ABCDF1 /* Debug */,
				1234567890ABCDF2 /* Release */,
			);
			defaultConfigurationIsVisible = 0;
			defaultConfigurationName = Release;
		};
/* End XCConfigurationList section */

/* Begin XCRemoteSwiftPackageReference section */
		037777052E98DF01002568C5 /* XCRemoteSwiftPackageReference "supabase-swift" */ = {
			isa = XCRemoteSwiftPackageReference;
			repositoryURL = "https://github.com/supabase-community/supabase-swift";
			requirement = {
				kind = upToNextMajorVersion;
				minimumVersion = 2.5.1;
			};
		};


/* End XCRemoteSwiftPackageReference section */

/* Begin XCSwiftPackageProductDependency section */
		037777062E98DF01002568C5 /* Auth */ = {
			isa = XCSwiftPackageProductDependency;
			package = 037777052E98DF01002568C5 /* XCRemoteSwiftPackageReference "supabase-swift" */;
			productName = Auth;
		};
		037777082E98DF01002568C5 /* Functions */ = {
			isa = XCSwiftPackageProductDependency;
			package = 037777052E98DF01002568C5 /* XCRemoteSwiftPackageReference "supabase-swift" */;
			productName = Functions;
		};
		0377770A2E98DF01002568C5 /* Realtime */ = {
			isa = XCSwiftPackageProductDependency;
			package = 037777052E98DF01002568C5 /* XCRemoteSwiftPackageReference "supabase-swift" */;
			productName = Realtime;
		};
		0377770C2E98DF01002568C5 /* Storage */ = {
			isa = XCSwiftPackageProductDependency;
			package = 037777052E98DF01002568C5 /* XCRemoteSwiftPackageReference "supabase-swift" */;
			productName = Storage;
		};
		0377770E2E98DF01002568C5 /* Supabase */ = {
			isa = XCSwiftPackageProductDependency;
			package = 037777052E98DF01002568C5 /* XCRemoteSwiftPackageReference "supabase-swift" */;
			productName = Supabase;
		};


/* End XCSwiftPackageProductDependency section */
	};
	rootObject = 1234567890ABCDD5 /* Project object */;
}
